
Microsoft Visual Studio Solution File, Format Version 12.00
# Visual Studio Version 17
VisualStudioVersion = 17.5.33516.290
MinimumVisualStudioVersion = 10.0.40219.1
Project("{FAE04EC0-301F-11D3-BF4B-00C04F79EFBC}") = "Miei cibi preferiti", "Miei cibi preferiti\Miei cibi preferiti.csproj", "{26D5A2A2-49EB-416B-9E77-5FB71AAD332C}"
EndProject
Global
	GlobalSection(SolutionConfigurationPlatforms) = preSolution
		Debug|Any CPU = Debug|Any CPU
		Release|Any CPU = Release|Any CPU
	EndGlobalSection
	GlobalSection(ProjectConfigurationPlatforms) = postSolution
		{26D5A2A2-49EB-416B-9E77-5FB71AAD332C}.Debug|Any CPU.ActiveCfg = Debug|Any CPU
		{26D5A2A2-49EB-416B-9E77-5FB71AAD332C}.Debug|Any CPU.Build.0 = Debug|Any CPU
		{26D5A2A2-49EB-416B-9E77-5FB71AAD332C}.Release|Any CPU.ActiveCfg = Release|Any CPU
		{26D5A2A2-49EB-416B-9E77-5FB71AAD332C}.Release|Any CPU.Build.0 = Release|Any CPU
	EndGlobalSection
	GlobalSection(SolutionProperties) = preSolution
		HideSolutionNode = FALSE
	EndGlobalSection
	GlobalSection(ExtensibilityGlobals) = postSolution
		SolutionGuid = {A9CF4F7B-5B22-4401-A4B7-72A193DBC7B6}
	EndGlobalSection
EndGlobal
